
Microsoft Visual Studio Solution File, Format Version 12.00
# Visual Studio Version 16
VisualStudioVersion = 16.0.30503.244
MinimumVisualStudioVersion = 15.0.26124.0
Project("{2150E333-8FDC-42A3-9474-1A3956D46DE8}") = "src", "src", "{09F6D992-6257-4333-8C5F-D55B0057E1CA}"
EndProject
Project("{9A19103F-16F7-4668-BE54-9A1E7A4F7556}") = "Atomiv.Demo.Identity", "src\Atomiv.Demo.Identity\Atomiv.Demo.Identity.csproj", "{207A21D9-B1B2-416A-8BE0-2D794BF57B2F}"
EndProject
Project("{9A19103F-16F7-4668-BE54-9A1E7A4F7556}") = "Atomiv.Demo.MvcWebApp", "src\Atomiv.Demo.MvcWebApp\Atomiv.Demo.MvcWebApp.csproj", "{0D3E2A89-EA09-42C1-BDF8-85317388BF1E}"
EndProject
Project("{FAE04EC0-301F-11D3-BF4B-00C04F79EFBC}") = "Atomiv.Demo.Ordering", "src\Atomiv.Demo.Ordering\Atomiv.Demo.Ordering.csproj", "{B6F80C33-465F-471C-97B3-4E4E7FF3DDE6}"
EndProject
Global
	GlobalSection(SolutionConfigurationPlatforms) = preSolution
		Debug|Any CPU = Debug|Any CPU
		Debug|x64 = Debug|x64
		Debug|x86 = Debug|x86
		Release|Any CPU = Release|Any CPU
		Release|x64 = Release|x64
		Release|x86 = Release|x86
	EndGlobalSection
	GlobalSection(ProjectConfigurationPlatforms) = postSolution
		{207A21D9-B1B2-416A-8BE0-2D794BF57B2F}.Debug|Any CPU.ActiveCfg = Debug|Any CPU
		{207A21D9-B1B2-416A-8BE0-2D794BF57B2F}.Debug|Any CPU.Build.0 = Debug|Any CPU
		{207A21D9-B1B2-416A-8BE0-2D794BF57B2F}.Debug|x64.ActiveCfg = Debug|Any CPU
		{207A21D9-B1B2-416A-8BE0-2D794BF57B2F}.Debug|x64.Build.0 = Debug|Any CPU
		{207A21D9-B1B2-416A-8BE0-2D794BF57B2F}.Debug|x86.ActiveCfg = Debug|Any CPU
		{207A21D9-B1B2-416A-8BE0-2D794BF57B2F}.Debug|x86.Build.0 = Debug|Any CPU
		{207A21D9-B1B2-416A-8BE0-2D794BF57B2F}.Release|Any CPU.ActiveCfg = Release|Any CPU
		{207A21D9-B1B2-416A-8BE0-2D794BF57B2F}.Release|Any CPU.Build.0 = Release|Any CPU
		{207A21D9-B1B2-416A-8BE0-2D794BF57B2F}.Release|x64.ActiveCfg = Release|Any CPU
		{207A21D9-B1B2-416A-8BE0-2D794BF57B2F}.Release|x64.Build.0 = Release|Any CPU
		{207A21D9-B1B2-416A-8BE0-2D794BF57B2F}.Release|x86.ActiveCfg = Release|Any CPU
		{207A21D9-B1B2-416A-8BE0-2D794BF57B2F}.Release|x86.Build.0 = Release|Any CPU
		{0D3E2A89-EA09-42C1-BDF8-85317388BF1E}.Debug|Any CPU.ActiveCfg = Debug|Any CPU
		{0D3E2A89-EA09-42C1-BDF8-85317388BF1E}.Debug|Any CPU.Build.0 = Debug|Any CPU
		{0D3E2A89-EA09-42C1-BDF8-85317388BF1E}.Debug|x64.ActiveCfg = Debug|Any CPU
		{0D3E2A89-EA09-42C1-BDF8-85317388BF1E}.Debug|x64.Build.0 = Debug|Any CPU
		{0D3E2A89-EA09-42C1-BDF8-85317388BF1E}.Debug|x86.ActiveCfg = Debug|Any CPU
		{0D3E2A89-EA09-42C1-BDF8-85317388BF1E}.Debug|x86.Build.0 = Debug|Any CPU
		{0D3E2A89-EA09-42C1-BDF8-85317388BF1E}.Release|Any CPU.ActiveCfg = Release|Any CPU
		{0D3E2A89-EA09-42C1-BDF8-85317388BF1E}.Release|Any CPU.Build.0 = Release|Any CPU
		{0D3E2A89-EA09-42C1-BDF8-85317388BF1E}.Release|x64.ActiveCfg = Release|Any CPU
		{0D3E2A89-EA09-42C1-BDF8-85317388BF1E}.Release|x64.Build.0 = Release|Any CPU
		{0D3E2A89-EA09-42C1-BDF8-85317388BF1E}.Release|x86.ActiveCfg = Release|Any CPU
		{0D3E2A89-EA09-42C1-BDF8-85317388BF1E}.Release|x86.Build.0 = Release|Any CPU
		{B6F80C33-465F-471C-97B3-4E4E7FF3DDE6}.Debug|Any CPU.ActiveCfg = Debug|Any CPU
		{B6F80C33-465F-471C-97B3-4E4E7FF3DDE6}.Debug|Any CPU.Build.0 = Debug|Any CPU
		{B6F80C33-465F-471C-97B3-4E4E7FF3DDE6}.Debug|x64.ActiveCfg = Debug|Any CPU
		{B6F80C33-465F-471C-97B3-4E4E7FF3DDE6}.Debug|x64.Build.0 = Debug|Any CPU
		{B6F80C33-465F-471C-97B3-4E4E7FF3DDE6}.Debug|x86.ActiveCfg = Debug|Any CPU
		{B6F80C33-465F-471C-97B3-4E4E7FF3DDE6}.Debug|x86.Build.0 = Debug|Any CPU
		{B6F80C33-465F-471C-97B3-4E4E7FF3DDE6}.Release|Any CPU.ActiveCfg = Release|Any CPU
		{B6F80C33-465F-471C-97B3-4E4E7FF3DDE6}.Release|Any CPU.Build.0 = Release|Any CPU
		{B6F80C33-465F-471C-97B3-4E4E7FF3DDE6}.Release|x64.ActiveCfg = Release|Any CPU
		{B6F80C33-465F-471C-97B3-4E4E7FF3DDE6}.Release|x64.Build.0 = Release|Any CPU
		{B6F80C33-465F-471C-97B3-4E4E7FF3DDE6}.Release|x86.ActiveCfg = Release|Any CPU
		{B6F80C33-465F-471C-97B3-4E4E7FF3DDE6}.Release|x86.Build.0 = Release|Any CPU
	EndGlobalSection
	GlobalSection(SolutionProperties) = preSolution
		HideSolutionNode = FALSE
	EndGlobalSection
	GlobalSection(NestedProjects) = preSolution
		{207A21D9-B1B2-416A-8BE0-2D794BF57B2F} = {09F6D992-6257-4333-8C5F-D55B0057E1CA}
		{0D3E2A89-EA09-42C1-BDF8-85317388BF1E} = {09F6D992-6257-4333-8C5F-D55B0057E1CA}
		{B6F80C33-465F-471C-97B3-4E4E7FF3DDE6} = {09F6D992-6257-4333-8C5F-D55B0057E1CA}
	EndGlobalSection
	GlobalSection(ExtensibilityGlobals) = postSolution
		SolutionGuid = {FAE6E4FF-151E-4C3D-B8CE-B25909D6C25B}
	EndGlobalSection
EndGlobal
